
Microsoft Visual Studio Solution File, Format Version 12.00
Project("{FAE04EC0-301F-11D3-BF4B-00C04F79EFBC}") = "SnakeGameBackend", "SnakeGameBackend\SnakeGameBackend.csproj", "{2471A331-7F81-4C61-BA8B-700BC7BA5574}"
EndProject
Global
	GlobalSection(SolutionConfigurationPlatforms) = preSolution
		Debug|Any CPU = Debug|Any CPU
		Release|Any CPU = Release|Any CPU
	EndGlobalSection
	GlobalSection(ProjectConfigurationPlatforms) = postSolution
		{2471A331-7F81-4C61-BA8B-700BC7BA5574}.Debug|Any CPU.ActiveCfg = Debug|Any CPU
		{2471A331-7F81-4C61-BA8B-700BC7BA5574}.Debug|Any CPU.Build.0 = Debug|Any CPU
		{2471A331-7F81-4C61-BA8B-700BC7BA5574}.Release|Any CPU.ActiveCfg = Release|Any CPU
		{2471A331-7F81-4C61-BA8B-700BC7BA5574}.Release|Any CPU.Build.0 = Release|Any CPU
	EndGlobalSection
EndGlobal
